
Microsoft Visual Studio Solution File, Format Version 12.00
# Visual Studio Version 16
VisualStudioVersion = 16.0.32802.440
MinimumVisualStudioVersion = 10.0.40219.1
Project("{FAE04EC0-301F-11D3-BF4B-00C04F79EFBC}") = "RUAP-CLojtre", "RUAP-CLojtre.csproj", "{BFF4A07C-4870-45EC-A065-05A8E475E2B8}"
EndProject
Global
	GlobalSection(SolutionConfigurationPlatforms) = preSolution
		Debug|Any CPU = Debug|Any CPU
		Release|Any CPU = Release|Any CPU
	EndGlobalSection
	GlobalSection(ProjectConfigurationPlatforms) = postSolution
		{BFF4A07C-4870-45EC-A065-05A8E475E2B8}.Debug|Any CPU.ActiveCfg = Debug|Any CPU
		{BFF4A07C-4870-45EC-A065-05A8E475E2B8}.Debug|Any CPU.Build.0 = Debug|Any CPU
		{BFF4A07C-4870-45EC-A065-05A8E475E2B8}.Release|Any CPU.ActiveCfg = Release|Any CPU
		{BFF4A07C-4870-45EC-A065-05A8E475E2B8}.Release|Any CPU.Build.0 = Release|Any CPU
	EndGlobalSection
	GlobalSection(SolutionProperties) = preSolution
		HideSolutionNode = FALSE
	EndGlobalSection
	GlobalSection(ExtensibilityGlobals) = postSolution
		SolutionGuid = {DB9A7D9D-E304-494E-9C5B-E03624D79FFD}
	EndGlobalSection
EndGlobal
